
Microsoft Visual Studio Solution File, Format Version 12.00
# Visual Studio Version 16
VisualStudioVersion = 16.0.30011.22
MinimumVisualStudioVersion = 10.0.40219.1
Project("{FAE04EC0-301F-11D3-BF4B-00C04F79EFBC}") = "M-CHAT", "M-CHAT\M-CHAT.csproj", "{548CD1DF-783E-4EBE-8846-B8BB3369C46B}"
EndProject
Project("{FAE04EC0-301F-11D3-BF4B-00C04F79EFBC}") = "M-CHAT.Models", "..\M-CHAT.Models\M-CHAT.Models.csproj", "{90CC43A4-DCA9-4C4B-AE4C-5DB46796A0FC}"
EndProject
Project("{FAE04EC0-301F-11D3-BF4B-00C04F79EFBC}") = "M-CHAT.Services", "..\M-CHAT.Services\M-CHAT.Services.csproj", "{137E6C7B-B175-4E37-9B04-D98259C5026C}"
EndProject
Global
	GlobalSection(SolutionConfigurationPlatforms) = preSolution
		Debug|Any CPU = Debug|Any CPU
		Release|Any CPU = Release|Any CPU
	EndGlobalSection
	GlobalSection(ProjectConfigurationPlatforms) = postSolution
		{548CD1DF-783E-4EBE-8846-B8BB3369C46B}.Debug|Any CPU.ActiveCfg = Debug|Any CPU
		{548CD1DF-783E-4EBE-8846-B8BB3369C46B}.Debug|Any CPU.Build.0 = Debug|Any CPU
		{548CD1DF-783E-4EBE-8846-B8BB3369C46B}.Release|Any CPU.ActiveCfg = Release|Any CPU
		{548CD1DF-783E-4EBE-8846-B8BB3369C46B}.Release|Any CPU.Build.0 = Release|Any CPU
		{90CC43A4-DCA9-4C4B-AE4C-5DB46796A0FC}.Debug|Any CPU.ActiveCfg = Debug|Any CPU
		{90CC43A4-DCA9-4C4B-AE4C-5DB46796A0FC}.Debug|Any CPU.Build.0 = Debug|Any CPU
		{90CC43A4-DCA9-4C4B-AE4C-5DB46796A0FC}.Release|Any CPU.ActiveCfg = Release|Any CPU
		{90CC43A4-DCA9-4C4B-AE4C-5DB46796A0FC}.Release|Any CPU.Build.0 = Release|Any CPU
		{137E6C7B-B175-4E37-9B04-D98259C5026C}.Debug|Any CPU.ActiveCfg = Debug|Any CPU
		{137E6C7B-B175-4E37-9B04-D98259C5026C}.Debug|Any CPU.Build.0 = Debug|Any CPU
		{137E6C7B-B175-4E37-9B04-D98259C5026C}.Release|Any CPU.ActiveCfg = Release|Any CPU
		{137E6C7B-B175-4E37-9B04-D98259C5026C}.Release|Any CPU.Build.0 = Release|Any CPU
	EndGlobalSection
	GlobalSection(SolutionProperties) = preSolution
		HideSolutionNode = FALSE
	EndGlobalSection
	GlobalSection(ExtensibilityGlobals) = postSolution
		SolutionGuid = {F599BE27-9F53-4CC8-A449-94937E6F0665}
	EndGlobalSection
EndGlobal
